
Microsoft Visual Studio Solution File, Format Version 12.00
# Visual Studio Version 16
VisualStudioVersion = 16.0.31702.278
MinimumVisualStudioVersion = 10.0.40219.1
Project("{FAE04EC0-301F-11D3-BF4B-00C04F79EFBC}") = "TeamControlV2", "TeamControlV2\TeamControlV2.csproj", "{1AB110F9-A7CC-4D17-817C-84D0AD7886C1}"
EndProject
Global
	GlobalSection(SolutionConfigurationPlatforms) = preSolution
		Debug|Any CPU = Debug|Any CPU
		Release|Any CPU = Release|Any CPU
	EndGlobalSection
	GlobalSection(ProjectConfigurationPlatforms) = postSolution
		{1AB110F9-A7CC-4D17-817C-84D0AD7886C1}.Debug|Any CPU.ActiveCfg = Debug|Any CPU
		{1AB110F9-A7CC-4D17-817C-84D0AD7886C1}.Debug|Any CPU.Build.0 = Debug|Any CPU
		{1AB110F9-A7CC-4D17-817C-84D0AD7886C1}.Release|Any CPU.ActiveCfg = Release|Any CPU
		{1AB110F9-A7CC-4D17-817C-84D0AD7886C1}.Release|Any CPU.Build.0 = Release|Any CPU
	EndGlobalSection
	GlobalSection(SolutionProperties) = preSolution
		HideSolutionNode = FALSE
	EndGlobalSection
	GlobalSection(ExtensibilityGlobals) = postSolution
		SolutionGuid = {366B0858-DAF0-418F-9FA9-C81A82DC149A}
	EndGlobalSection
EndGlobal
